
Microsoft Visual Studio Solution File, Format Version 12.00
# Visual Studio 15
VisualStudioVersion = 15.0.27428.2005
MinimumVisualStudioVersion = 10.0.40219.1
Project("{FAE04EC0-301F-11D3-BF4B-00C04F79EFBC}") = "ExampleApp", "ExampleApp\ExampleApp.csproj", "{5969582E-57E9-4E5F-859E-1BB2BA09F36B}"
EndProject
Global
	GlobalSection(SolutionConfigurationPlatforms) = preSolution
		Debug|Any CPU = Debug|Any CPU
		Release|Any CPU = Release|Any CPU
	EndGlobalSection
	GlobalSection(ProjectConfigurationPlatforms) = postSolution
		{5969582E-57E9-4E5F-859E-1BB2BA09F36B}.Debug|Any CPU.ActiveCfg = Debug|Any CPU
		{5969582E-57E9-4E5F-859E-1BB2BA09F36B}.Debug|Any CPU.Build.0 = Debug|Any CPU
		{5969582E-57E9-4E5F-859E-1BB2BA09F36B}.Release|Any CPU.ActiveCfg = Release|Any CPU
		{5969582E-57E9-4E5F-859E-1BB2BA09F36B}.Release|Any CPU.Build.0 = Release|Any CPU
	EndGlobalSection
	GlobalSection(SolutionProperties) = preSolution
		HideSolutionNode = FALSE
	EndGlobalSection
	GlobalSection(ExtensibilityGlobals) = postSolution
		SolutionGuid = {C3E7FC52-36C2-4889-AD0B-6538907940F4}
	EndGlobalSection
EndGlobal
